
Microsoft Visual Studio Solution File, Format Version 12.00
# Visual Studio 15
VisualStudioVersion = 15.0.28010.2050
MinimumVisualStudioVersion = 10.0.40219.1
Project("{8BC9CEB8-8B4A-11D0-8D11-00A0C91BC942}") = "Testing Project", "Testing Project\Testing Project.vcxproj", "{CE1FB8A0-9A9E-4EBB-AFA1-C0AD3E5EC628}"
EndProject
Global
	GlobalSection(SolutionConfigurationPlatforms) = preSolution
		Debug|x64 = Debug|x64
		Debug|x86 = Debug|x86
		Release|x64 = Release|x64
		Release|x86 = Release|x86
	EndGlobalSection
	GlobalSection(ProjectConfigurationPlatforms) = postSolution
		{CE1FB8A0-9A9E-4EBB-AFA1-C0AD3E5EC628}.Debug|x64.ActiveCfg = Debug|x64
		{CE1FB8A0-9A9E-4EBB-AFA1-C0AD3E5EC628}.Debug|x64.Build.0 = Debug|x64
		{CE1FB8A0-9A9E-4EBB-AFA1-C0AD3E5EC628}.Debug|x86.ActiveCfg = Debug|Win32
		{CE1FB8A0-9A9E-4EBB-AFA1-C0AD3E5EC628}.Debug|x86.Build.0 = Debug|Win32
		{CE1FB8A0-9A9E-4EBB-AFA1-C0AD3E5EC628}.Release|x64.ActiveCfg = Release|x64
		{CE1FB8A0-9A9E-4EBB-AFA1-C0AD3E5EC628}.Release|x64.Build.0 = Release|x64
		{CE1FB8A0-9A9E-4EBB-AFA1-C0AD3E5EC628}.Release|x86.ActiveCfg = Release|Win32
		{CE1FB8A0-9A9E-4EBB-AFA1-C0AD3E5EC628}.Release|x86.Build.0 = Release|Win32
	EndGlobalSection
	GlobalSection(SolutionProperties) = preSolution
		HideSolutionNode = FALSE
	EndGlobalSection
	GlobalSection(ExtensibilityGlobals) = postSolution
		SolutionGuid = {534A8BD6-65B6-491A-A922-1CA58A84F710}
	EndGlobalSection
EndGlobal
